
Microsoft Visual Studio Solution File, Format Version 12.00
# Visual Studio Version 17
VisualStudioVersion = 17.11.35327.3
MinimumVisualStudioVersion = 10.0.40219.1
Project("{FAE04EC0-301F-11D3-BF4B-00C04F79EFBC}") = "DogAdoption", "DogAdoption.csproj", "{1E006506-91D7-4418-A136-1017A078CBA1}"
EndProject
Global
	GlobalSection(SolutionConfigurationPlatforms) = preSolution
		Debug|Any CPU = Debug|Any CPU
		Release|Any CPU = Release|Any CPU
	EndGlobalSection
	GlobalSection(ProjectConfigurationPlatforms) = postSolution
		{1E006506-91D7-4418-A136-1017A078CBA1}.Debug|Any CPU.ActiveCfg = Debug|Any CPU
		{1E006506-91D7-4418-A136-1017A078CBA1}.Debug|Any CPU.Build.0 = Debug|Any CPU
		{1E006506-91D7-4418-A136-1017A078CBA1}.Release|Any CPU.ActiveCfg = Release|Any CPU
		{1E006506-91D7-4418-A136-1017A078CBA1}.Release|Any CPU.Build.0 = Release|Any CPU
	EndGlobalSection
	GlobalSection(SolutionProperties) = preSolution
		HideSolutionNode = FALSE
	EndGlobalSection
	GlobalSection(ExtensibilityGlobals) = postSolution
		SolutionGuid = {1C3EF8E9-57AE-4E37-9EA1-3C88547DD301}
	EndGlobalSection
EndGlobal
